# This file is automatically @generated by Cargo.
# It is not intended for manual editing.
version = 3

[[package]]
name = "generator"
version = "0.1.0"
dependencies = [
 "jotdown",
 "lexopt",
]

[[package]]
name = "jotdown"
version = "0.4.1"
source = "registry+https://github.com/rust-lang/crates.io-index"
checksum = "b87ebc8a1c0fdfdedb65abbffb023e45ebbbfe089625f93f6f5acc56685c0abf"

[[package]]
name = "lexopt"
version = "0.3.0"
source = "registry+https://github.com/rust-lang/crates.io-index"
checksum = "baff4b617f7df3d896f97fe922b64817f6cd9a756bb81d40f8883f2f66dcb401"
